
Microsoft Visual Studio Solution File, Format Version 12.00
# Visual Studio Version 17
VisualStudioVersion = 17.0.32112.339
MinimumVisualStudioVersion = 10.0.40219.1
Project("{FAE04EC0-301F-11D3-BF4B-00C04F79EFBC}") = "Hometask_1_PoP", "Hometask_1_PoP\Hometask_1_PoP.csproj", "{3B324595-4F70-4092-832F-684596D5EA23}"
EndProject
Global
	GlobalSection(SolutionConfigurationPlatforms) = preSolution
		Debug|Any CPU = Debug|Any CPU
		Release|Any CPU = Release|Any CPU
	EndGlobalSection
	GlobalSection(ProjectConfigurationPlatforms) = postSolution
		{3B324595-4F70-4092-832F-684596D5EA23}.Debug|Any CPU.ActiveCfg = Debug|Any CPU
		{3B324595-4F70-4092-832F-684596D5EA23}.Debug|Any CPU.Build.0 = Debug|Any CPU
		{3B324595-4F70-4092-832F-684596D5EA23}.Release|Any CPU.ActiveCfg = Release|Any CPU
		{3B324595-4F70-4092-832F-684596D5EA23}.Release|Any CPU.Build.0 = Release|Any CPU
	EndGlobalSection
	GlobalSection(SolutionProperties) = preSolution
		HideSolutionNode = FALSE
	EndGlobalSection
	GlobalSection(ExtensibilityGlobals) = postSolution
		SolutionGuid = {105323CD-4435-4D22-89A0-FAFBACFCBDAA}
	EndGlobalSection
EndGlobal
